
Microsoft Visual Studio Solution File, Format Version 9.00
# Visual Studio 2005
Project("{FAE04EC0-301F-11D3-BF4B-00C04F79EFBC}") = "ClientDemo", "ClientDemo\ClientDemo.csproj", "{28BCED0B-63CE-430C-BBB8-EFC0F621C586}"
EndProject
Global
	GlobalSection(SolutionConfigurationPlatforms) = preSolution
		Debug|Any CPU = Debug|Any CPU
		Release|Any CPU = Release|Any CPU
	EndGlobalSection
	GlobalSection(ProjectConfigurationPlatforms) = postSolution
		{28BCED0B-63CE-430C-BBB8-EFC0F621C586}.Debug|Any CPU.ActiveCfg = Debug|Any CPU
		{28BCED0B-63CE-430C-BBB8-EFC0F621C586}.Debug|Any CPU.Build.0 = Debug|Any CPU
		{28BCED0B-63CE-430C-BBB8-EFC0F621C586}.Release|Any CPU.ActiveCfg = Release|Any CPU
		{28BCED0B-63CE-430C-BBB8-EFC0F621C586}.Release|Any CPU.Build.0 = Release|Any CPU
	EndGlobalSection
	GlobalSection(SolutionProperties) = preSolution
		HideSolutionNode = FALSE
	EndGlobalSection
EndGlobal
